
Microsoft Visual Studio Solution File, Format Version 12.00
# Visual Studio Version 17
VisualStudioVersion = 17.6.33815.320
MinimumVisualStudioVersion = 10.0.40219.1
Project("{FAE04EC0-301F-11D3-BF4B-00C04F79EFBC}") = "MyProject", "MyProject.csproj", "{BFB18DAD-CF11-438D-A47B-61C926F4A67A}"
EndProject
Global
	GlobalSection(SolutionConfigurationPlatforms) = preSolution
		Debug|Any CPU = Debug|Any CPU
		Release|Any CPU = Release|Any CPU
	EndGlobalSection
	GlobalSection(ProjectConfigurationPlatforms) = postSolution
		{BFB18DAD-CF11-438D-A47B-61C926F4A67A}.Debug|Any CPU.ActiveCfg = Debug|Any CPU
		{BFB18DAD-CF11-438D-A47B-61C926F4A67A}.Debug|Any CPU.Build.0 = Debug|Any CPU
		{BFB18DAD-CF11-438D-A47B-61C926F4A67A}.Release|Any CPU.ActiveCfg = Release|Any CPU
		{BFB18DAD-CF11-438D-A47B-61C926F4A67A}.Release|Any CPU.Build.0 = Release|Any CPU
	EndGlobalSection
	GlobalSection(SolutionProperties) = preSolution
		HideSolutionNode = FALSE
	EndGlobalSection
	GlobalSection(ExtensibilityGlobals) = postSolution
		SolutionGuid = {C90B57D7-3A4E-49A1-A69B-BFFF4EF59FE6}
	EndGlobalSection
EndGlobal
